<Solution>
  <Project Path="InventorySystem.Api/InventorySystem.Api.csproj" />
  <Project Path="InventorySystem.Application/InventorySystem.Application.csproj" />
  <Project Path="InventorySystem.Domain/InventorySystem.Domain.csproj" />
  <Project Path="InventorySystem.Infrastructure/InventorySystem.Infrastructure.csproj" />
  <Project Path="InventorySystem.Tests/InventorySystem.Tests.csproj" />
</Solution>
